
Microsoft Visual Studio Solution File, Format Version 12.00
# Visual Studio Version 17
VisualStudioVersion = 17.13.35931.197
MinimumVisualStudioVersion = 10.0.40219.1
Project("{FAE04EC0-301F-11D3-BF4B-00C04F79EFBC}") = "TestTaskForByndyuSoft", "TestTaskForByndyuSoft.csproj", "{0A1CA1B8-B8BC-440C-A474-61F597283B30}"
EndProject
Project("{FAE04EC0-301F-11D3-BF4B-00C04F79EFBC}") = "UnitTests", "..\UnitTests\UnitTests.csproj", "{FABB856F-FCA2-4419-9D7F-B1118CB62BC7}"
EndProject
Global
	GlobalSection(SolutionConfigurationPlatforms) = preSolution
		Debug|Any CPU = Debug|Any CPU
		Release|Any CPU = Release|Any CPU
	EndGlobalSection
	GlobalSection(ProjectConfigurationPlatforms) = postSolution
		{0A1CA1B8-B8BC-440C-A474-61F597283B30}.Debug|Any CPU.ActiveCfg = Debug|Any CPU
		{0A1CA1B8-B8BC-440C-A474-61F597283B30}.Debug|Any CPU.Build.0 = Debug|Any CPU
		{0A1CA1B8-B8BC-440C-A474-61F597283B30}.Release|Any CPU.ActiveCfg = Release|Any CPU
		{0A1CA1B8-B8BC-440C-A474-61F597283B30}.Release|Any CPU.Build.0 = Release|Any CPU
		{FABB856F-FCA2-4419-9D7F-B1118CB62BC7}.Debug|Any CPU.ActiveCfg = Debug|Any CPU
		{FABB856F-FCA2-4419-9D7F-B1118CB62BC7}.Debug|Any CPU.Build.0 = Debug|Any CPU
		{FABB856F-FCA2-4419-9D7F-B1118CB62BC7}.Release|Any CPU.ActiveCfg = Release|Any CPU
		{FABB856F-FCA2-4419-9D7F-B1118CB62BC7}.Release|Any CPU.Build.0 = Release|Any CPU
	EndGlobalSection
	GlobalSection(SolutionProperties) = preSolution
		HideSolutionNode = FALSE
	EndGlobalSection
	GlobalSection(ExtensibilityGlobals) = postSolution
		SolutionGuid = {D6E5CBC6-7B80-487C-BEDC-ABE3932E3FB0}
	EndGlobalSection
EndGlobal
